
Microsoft Visual Studio Solution File, Format Version 12.00
# Visual Studio Version 17
VisualStudioVersion = 17.8.34330.188
MinimumVisualStudioVersion = 10.0.40219.1
Project("{FAE04EC0-301F-11D3-BF4B-00C04F79EFBC}") = "ServerApp", "ServerApp.csproj", "{1CDD976B-7402-4324-9168-CE8A48DA85DF}"
EndProject
Global
	GlobalSection(SolutionConfigurationPlatforms) = preSolution
		Debug|Any CPU = Debug|Any CPU
		Release|Any CPU = Release|Any CPU
	EndGlobalSection
	GlobalSection(ProjectConfigurationPlatforms) = postSolution
		{1CDD976B-7402-4324-9168-CE8A48DA85DF}.Debug|Any CPU.ActiveCfg = Debug|Any CPU
		{1CDD976B-7402-4324-9168-CE8A48DA85DF}.Debug|Any CPU.Build.0 = Debug|Any CPU
		{1CDD976B-7402-4324-9168-CE8A48DA85DF}.Release|Any CPU.ActiveCfg = Release|Any CPU
		{1CDD976B-7402-4324-9168-CE8A48DA85DF}.Release|Any CPU.Build.0 = Release|Any CPU
	EndGlobalSection
	GlobalSection(SolutionProperties) = preSolution
		HideSolutionNode = FALSE
	EndGlobalSection
	GlobalSection(ExtensibilityGlobals) = postSolution
		SolutionGuid = {D478E1B7-AC15-4A77-8AC3-351608550942}
	EndGlobalSection
EndGlobal
